Microsoft Visual Studio Solution File, Format Version 12.00
# Visual Studio Version 17
VisualStudioVersion = 17.5.2.0
MinimumVisualStudioVersion = 10.0.40219.1
Project("{FAE04EC0-301F-11D3-BF4B-00C04F79EFBC}") = "Team 10 Final Project", "Team 10 Final Project.csproj", "{5560728E-1E3C-3BDB-11F0-0786C3433912}"
EndProject
Global
	GlobalSection(SolutionConfigurationPlatforms) = preSolution
		Debug|Any CPU = Debug|Any CPU
		Release|Any CPU = Release|Any CPU
	EndGlobalSection
	GlobalSection(ProjectConfigurationPlatforms) = postSolution
		{5560728E-1E3C-3BDB-11F0-0786C3433912}.Debug|Any CPU.ActiveCfg = Debug|Any CPU
		{5560728E-1E3C-3BDB-11F0-0786C3433912}.Debug|Any CPU.Build.0 = Debug|Any CPU
		{5560728E-1E3C-3BDB-11F0-0786C3433912}.Release|Any CPU.ActiveCfg = Release|Any CPU
		{5560728E-1E3C-3BDB-11F0-0786C3433912}.Release|Any CPU.Build.0 = Release|Any CPU
	EndGlobalSection
	GlobalSection(SolutionProperties) = preSolution
		HideSolutionNode = FALSE
	EndGlobalSection
	GlobalSection(ExtensibilityGlobals) = postSolution
		SolutionGuid = {24AC4B2C-3781-4432-B83E-2FD72818EFBC}
	EndGlobalSection
EndGlobal
